// !$*UTF8*$!
{
	archiveVersion = 1;
	classes = {
	};
	objectVersion = 55;
	objects = {

/* Begin PBXBuildFile section */
		CE968CD3284F4647003D27BD /* SwiftUIMemo.xcdatamodeld in Sources */ = {isa = PBXBuildFile; fileRef = CE968CC0284F4645003D27BD /* SwiftUIMemo.xcdatamodeld */; };
		CE968CD4284F4647003D27BD /* SwiftUIMemo.xcdatamodeld in Sources */ = {isa = PBXBuildFile; fileRef = CE968CC0284F4645003D27BD /* SwiftUIMemo.xcdatamodeld */; };
		CE968CD5284F4647003D27BD /* SwiftUIMemoApp.swift in Sources */ = {isa = PBXBuildFile; fileRef = CE968CC2284F4645003D27BD /* SwiftUIMemoApp.swift */; };
		CE968CD6284F4647003D27BD /* SwiftUIMemoApp.swift in Sources */ = {isa = PBXBuildFile; fileRef = CE968CC2284F4645003D27BD /* SwiftUIMemoApp.swift */; };
		CE968CD9284F4647003D27BD /* Persistence.swift in Sources */ = {isa = PBXBuildFile; fileRef = CE968CC4284F4645003D27BD /* Persistence.swift */; };
		CE968CDA284F4647003D27BD /* Persistence.swift in Sources */ = {isa = PBXBuildFile; fileRef = CE968CC4284F4645003D27BD /* Persistence.swift */; };
		CE968CDB284F4647003D27BD /* Assets.xcassets in Resources */ = {isa = PBXBuildFile; fileRef = CE968CC5284F4647003D27BD /* Assets.xcassets */; };
		CE968CDC284F4647003D27BD /* Assets.xcassets in Resources */ = {isa = PBXBuildFile; fileRef = CE968CC5284F4647003D27BD /* Assets.xcassets */; };
		CE968CE6284F46B9003D27BD /* MainListView.swift in Sources */ = {isa = PBXBuildFile; fileRef = CE968CE5284F46B9003D27BD /* MainListView.swift */; };
		CE968CE7284F46B9003D27BD /* MainListView.swift in Sources */ = {isa = PBXBuildFile; fileRef = CE968CE5284F46B9003D27BD /* MainListView.swift */; };
		CE968CEB284F488C003D27BD /* Memo.swift in Sources */ = {isa = PBXBuildFile; fileRef = CE968CEA284F488C003D27BD /* Memo.swift */; };
		CE968CEC284F488C003D27BD /* Memo.swift in Sources */ = {isa = PBXBuildFile; fileRef = CE968CEA284F488C003D27BD /* Memo.swift */; };
		CE968CEE284F4967003D27BD /* MemoStore.swift in Sources */ = {isa = PBXBuildFile; fileRef = CE968CED284F4967003D27BD /* MemoStore.swift */; };
		CE968CEF284F4967003D27BD /* MemoStore.swift in Sources */ = {isa = PBXBuildFile; fileRef = CE968CED284F4967003D27BD /* MemoStore.swift */; };
		CE968CF2284F5716003D27BD /* MemoCell.swift in Sources */ = {isa = PBXBuildFile; fileRef = CE968CF1284F5716003D27BD /* MemoCell.swift */; };
		CE968CF3284F5716003D27BD /* MemoCell.swift in Sources */ = {isa = PBXBuildFile; fileRef = CE968CF1284F5716003D27BD /* MemoCell.swift */; };
		CE968CF5284F581C003D27BD /* ComposeView.swift in Sources */ = {isa = PBXBuildFile; fileRef = CE968CF4284F581C003D27BD /* ComposeView.swift */; };
		CE968CF6284F581C003D27BD /* ComposeView.swift in Sources */ = {isa = PBXBuildFile; fileRef = CE968CF4284F581C003D27BD /* ComposeView.swift */; };
/* End PBXBuildFile section */

/* Begin PBXFileReference section */
		CE968CC1284F4645003D27BD /* Shared.xcdatamodel */ = {isa = PBXFileReference; lastKnownFileType = wrapper.xcdatamodel; path = Shared.xcdatamodel; sourceTree = "<group>"; };
		CE968CC2284F4645003D27BD /* SwiftUIMemoApp.swift */ = {isa = PBXFileReference; lastKnownFileType = sourcecode.swift; path = SwiftUIMemoApp.swift; sourceTree = "<group>"; };
		CE968CC4284F4645003D27BD /* Persistence.swift */ = {isa = PBXFileReference; lastKnownFileType = sourcecode.swift; path = Persistence.swift; sourceTree = "<group>"; };
		CE968CC5284F4647003D27BD /* Assets.xcassets */ = {isa = PBXFileReference; lastKnownFileType = folder.assetcatalog; path = Assets.xcassets; sourceTree = "<group>"; };
		CE968CCA284F4647003D27BD /* SwiftUIMemo.app */ = {isa = PBXFileReference; explicitFileType = wrapper.application; includeInIndex = 0; path = SwiftUIMemo.app; sourceTree = BUILT_PRODUCTS_DIR; };
		CE968CD0284F4647003D27BD /* SwiftUIMemo.app */ = {isa = PBXFileReference; explicitFileType = wrapper.application; includeInIndex = 0; path = SwiftUIMemo.app; sourceTree = BUILT_PRODUCTS_DIR; };
		CE968CD2284F4647003D27BD /* macOS.entitlements */ = {isa = PBXFileReference; lastKnownFileType = text.plist.entitlements; path = macOS.entitlements; sourceTree = "<group>"; };
		CE968CE5284F46B9003D27BD /* MainListView.swift */ = {isa = PBXFileReference; lastKnownFileType = sourcecode.swift; path = MainListView.swift; sourceTree = "<group>"; };
		CE968CEA284F488C003D27BD /* Memo.swift */ = {isa = PBXFileReference; lastKnownFileType = sourcecode.swift; path = Memo.swift; sourceTree = "<group>"; };
		CE968CED284F4967003D27BD /* MemoStore.swift */ = {isa = PBXFileReference; lastKnownFileType = sourcecode.swift; path = MemoStore.swift; sourceTree = "<group>"; };
		CE968CF1284F5716003D27BD /* MemoCell.swift */ = {isa = PBXFileReference; lastKnownFileType = sourcecode.swift; path = MemoCell.swift; sourceTree = "<group>"; };
		CE968CF4284F581C003D27BD /* ComposeView.swift */ = {isa = PBXFileReference; lastKnownFileType = sourcecode.swift; path = ComposeView.swift; sourceTree = "<group>"; };
/* End PBXFileReference section */

/* Begin PBXFrameworksBuildPhase section */
		CE968CC7284F4647003D27BD /* Frameworks */ = {
			isa = PBXFrameworksBuildPhase;
			buildActionMask = 2147483647;
			files = (
			);
			runOnlyForDeploymentPostprocessing = 0;
		};
		CE968CCD284F4647003D27BD /* Frameworks */ = {
			isa = PBXFrameworksBuildPhase;
			buildActionMask = 2147483647;
			files = (
			);
			runOnlyForDeploymentPostprocessing = 0;
		};
/* End PBXFrameworksBuildPhase section */

/* Begin PBXGroup section */
		CE968CBA284F4645003D27BD = {
			isa = PBXGroup;
			children = (
				CE968CBF284F4645003D27BD /* Shared */,
				CE968CD1284F4647003D27BD /* macOS */,
				CE968CCB284F4647003D27BD /* Products */,
			);
			sourceTree = "<group>";
		};
		CE968CBF284F4645003D27BD /* Shared */ = {
			isa = PBXGroup;
			children = (
				CE968CF0284F56FF003D27BD /* View */,
				CE968CE9284F46F2003D27BD /* Memory */,
				CE968CE8284F46E2003D27BD /* CoreData */,
				CE968CC2284F4645003D27BD /* SwiftUIMemoApp.swift */,
				CE968CC5284F4647003D27BD /* Assets.xcassets */,
			);
			path = Shared;
			sourceTree = "<group>";
		};
		CE968CCB284F4647003D27BD /* Products */ = {
			isa = PBXGroup;
			children = (
				CE968CCA284F4647003D27BD /* SwiftUIMemo.app */,
				CE968CD0284F4647003D27BD /* SwiftUIMemo.app */,
			);
			name = Products;
			sourceTree = "<group>";
		};
		CE968CD1284F4647003D27BD /* macOS */ = {
			isa = PBXGroup;
			children = (
				CE968CD2284F4647003D27BD /* macOS.entitlements */,
			);
			path = macOS;
			sourceTree = "<group>";
		};
		CE968CE8284F46E2003D27BD /* CoreData */ = {
			isa = PBXGroup;
			children = (
				CE968CC4284F4645003D27BD /* Persistence.swift */,
				CE968CC0284F4645003D27BD /* SwiftUIMemo.xcdatamodeld */,
			);
			path = CoreData;
			sourceTree = "<group>";
		};
		CE968CE9284F46F2003D27BD /* Memory */ = {
			isa = PBXGroup;
			children = (
				CE968CEA284F488C003D27BD /* Memo.swift */,
				CE968CED284F4967003D27BD /* MemoStore.swift */,
			);
			path = Memory;
			sourceTree = "<group>";
		};
		CE968CF0284F56FF003D27BD /* View */ = {
			isa = PBXGroup;
			children = (
				CE968CF1284F5716003D27BD /* MemoCell.swift */,
				CE968CE5284F46B9003D27BD /* MainListView.swift */,
				CE968CF4284F581C003D27BD /* ComposeView.swift */,
			);
			path = View;
			sourceTree = "<group>";
		};
/* End PBXGroup section */

/* Begin PBXNativeTarget section */
		CE968CC9284F4647003D27BD /* SwiftUIMemo (iOS) */ = {
			isa = PBXNativeTarget;
			buildConfigurationList = CE968CDF284F4647003D27BD /* Build configuration list for PBXNativeTarget "SwiftUIMemo (iOS)" */;
			buildPhases = (
				CE968CC6284F4647003D27BD /* Sources */,
				CE968CC7284F4647003D27BD /* Frameworks */,
				CE968CC8284F4647003D27BD /* Resources */,
			);
			buildRules = (
			);
			dependencies = (
			);
			name = "SwiftUIMemo (iOS)";
			productName = "SwiftUIMemo (iOS)";
			productReference = CE968CCA284F4647003D27BD /* SwiftUIMemo.app */;
			productType = "com.apple.product-type.application";
		};
		CE968CCF284F4647003D27BD /* SwiftUIMemo (macOS) */ = {
			isa = PBXNativeTarget;
			buildConfigurationList = CE968CE2284F4647003D27BD /* Build configuration list for PBXNativeTarget "SwiftUIMemo (macOS)" */;
			buildPhases = (
				CE968CCC284F4647003D27BD /* Sources */,
				CE968CCD284F4647003D27BD /* Frameworks */,
				CE968CCE284F4647003D27BD /* Resources */,
			);
			buildRules = (
			);
			dependencies = (
			);
			name = "SwiftUIMemo (macOS)";
			productName = "SwiftUIMemo (macOS)";
			productReference = CE968CD0284F4647003D27BD /* SwiftUIMemo.app */;
			productType = "com.apple.product-type.application";
		};
/* End PBXNativeTarget section */

/* Begin PBXProject section */
		CE968CBB284F4645003D27BD /* Project object */ = {
			isa = PBXProject;
			attributes = {
				BuildIndependentTargetsInParallel = 1;
				LastSwiftUpdateCheck = 1340;
				LastUpgradeCheck = 1340;
				TargetAttributes = {
					CE968CC9284F4647003D27BD = {
						CreatedOnToolsVersion = 13.4.1;
					};
					CE968CCF284F4647003D27BD = {
						CreatedOnToolsVersion = 13.4.1;
					};
				};
			};
			buildConfigurationList = CE968CBE284F4645003D27BD /* Build configuration list for PBXProject "SwiftUIMemo" */;
			compatibilityVersion = "Xcode 13.0";
			developmentRegion = en;
			hasScannedForEncodings = 0;
			knownRegions = (
				en,
				Base,
			);
			mainGroup = CE968CBA284F4645003D27BD;
			productRefGroup = CE968CCB284F4647003D27BD /* Products */;
			projectDirPath = "";
			projectRoot = "";
			targets = (
				CE968CC9284F4647003D27BD /* SwiftUIMemo (iOS) */,
				CE968CCF284F4647003D27BD /* SwiftUIMemo (macOS) */,
			);
		};
/* End PBXProject section */

/* Begin PBXResourcesBuildPhase section */
		CE968CC8284F4647003D27BD /* Resources */ = {
			isa = PBXResourcesBuildPhase;
			buildActionMask = 2147483647;
			files = (
				CE968CDB284F4647003D27BD /* Assets.xcassets in Resources */,
			);
			runOnlyForDeploymentPostprocessing = 0;
		};
		CE968CCE284F4647003D27BD /* Resources */ = {
			isa = PBXResourcesBuildPhase;
			buildActionMask = 2147483647;
			files = (
				CE968CDC284F4647003D27BD /* Assets.xcassets in Resources */,
			);
			runOnlyForDeploymentPostprocessing = 0;
		};
/* End PBXResourcesBuildPhase section */

/* Begin PBXSourcesBuildPhase section */
		CE968CC6284F4647003D27BD /* Sources */ = {
			isa = PBXSourcesBuildPhase;
			buildActionMask = 2147483647;
			files = (
				CE968CF2284F5716003D27BD /* MemoCell.swift in Sources */,
				CE968CD3284F4647003D27BD /* SwiftUIMemo.xcdatamodeld in Sources */,
				CE968CEE284F4967003D27BD /* MemoStore.swift in Sources */,
				CE968CE6284F46B9003D27BD /* MainListView.swift in Sources */,
				CE968CD9284F4647003D27BD /* Persistence.swift in Sources */,
				CE968CF5284F581C003D27BD /* ComposeView.swift in Sources */,
				CE968CD5284F4647003D27BD /* SwiftUIMemoApp.swift in Sources */,
				CE968CEB284F488C003D27BD /* Memo.swift in Sources */,
			);
			runOnlyForDeploymentPostprocessing = 0;
		};
		CE968CCC284F4647003D27BD /* Sources */ = {
			isa = PBXSourcesBuildPhase;
			buildActionMask = 2147483647;
			files = (
				CE968CF3284F5716003D27BD /* MemoCell.swift in Sources */,
				CE968CD4284F4647003D27BD /* SwiftUIMemo.xcdatamodeld in Sources */,
				CE968CEF284F4967003D27BD /* MemoStore.swift in Sources */,
				CE968CE7284F46B9003D27BD /* MainListView.swift in Sources */,
				CE968CDA284F4647003D27BD /* Persistence.swift in Sources */,
				CE968CF6284F581C003D27BD /* ComposeView.swift in Sources */,
				CE968CD6284F4647003D27BD /* SwiftUIMemoApp.swift in Sources */,
				CE968CEC284F488C003D27BD /* Memo.swift in Sources */,
			);
			runOnlyForDeploymentPostprocessing = 0;
		};
/* End PBXSourcesBuildPhase section */

/* Begin XCBuildConfiguration section */
		CE968CDD284F4647003D27BD /* Debug */ = {
			isa = XCBuildConfiguration;
			buildSettings = {
				ALWAYS_SEARCH_USER_PATHS = NO;
				CLANG_ANALYZER_NONNULL = YES;
				CLANG_ANALYZER_NUMBER_OBJECT_CONVERSION = YES_AGGRESSIVE;
				CLANG_CXX_LANGUAGE_STANDARD = "gnu++17";
				CLANG_ENABLE_MODULES = YES;
				CLANG_ENABLE_OBJC_ARC = YES;
				CLANG_ENABLE_OBJC_WEAK = YES;
				CLANG_WARN_BLOCK_CAPTURE_AUTORELEASING = YES;
				CLANG_WARN_BOOL_CONVERSION = YES;
				CLANG_WARN_COMMA = YES;
				CLANG_WARN_CONSTANT_CONVERSION = YES;
				CLANG_WARN_DEPRECATED_OBJC_IMPLEMENTATIONS = YES;
				CLANG_WARN_DIRECT_OBJC_ISA_USAGE = YES_ERROR;
				CLANG_WARN_DOCUMENTATION_COMMENTS = YES;
				CLANG_WARN_EMPTY_BODY = YES;
				CLANG_WARN_ENUM_CONVERSION = YES;
				CLANG_WARN_INFINITE_RECURSION = YES;
				CLANG_WARN_INT_CONVERSION = YES;
				CLANG_WARN_NON_LITERAL_NULL_CONVERSION = YES;
				CLANG_WARN_OBJC_IMPLICIT_RETAIN_SELF = YES;
				CLANG_WARN_OBJC_LITERAL_CONVERSION = YES;
				CLANG_WARN_OBJC_ROOT_CLASS = YES_ERROR;
				CLANG_WARN_QUOTED_INCLUDE_IN_FRAMEWORK_HEADER = YES;
				CLANG_WARN_RANGE_LOOP_ANALYSIS = YES;
				CLANG_WARN_STRICT_PROTOTYPES = YES;
				CLANG_WARN_SUSPICIOUS_MOVE = YES;
				CLANG_WARN_UNGUARDED_AVAILABILITY = YES_AGGRESSIVE;
				CLANG_WARN_UNREACHABLE_CODE = YES;
				CLANG_WARN__DUPLICATE_METHOD_MATCH = YES;
				COPY_PHASE_STRIP = NO;
				DEBUG_INFORMATION_FORMAT = dwarf;
				ENABLE_STRICT_OBJC_MSGSEND = YES;
				ENABLE_TESTABILITY = YES;
				GCC_C_LANGUAGE_STANDARD = gnu11;
				GCC_DYNAMIC_NO_PIC = NO;
				GCC_NO_COMMON_BLOCKS = YES;
				GCC_OPTIMIZATION_LEVEL = 0;
				GCC_PREPROCESSOR_DEFINITIONS = (
					"DEBUG=1",
					"$(inherited)",
				);
				GCC_WARN_64_TO_32_BIT_CONVERSION = YES;
				GCC_WARN_ABOUT_RETURN_TYPE = YES_ERROR;
				GCC_WARN_UNDECLARED_SELECTOR = YES;
				GCC_WARN_UNINITIALIZED_AUTOS = YES_AGGRESSIVE;
				GCC_WARN_UNUSED_FUNCTION = YES;
				GCC_WARN_UNUSED_VARIABLE = YES;
				MTL_ENABLE_DEBUG_INFO = INCLUDE_SOURCE;
				MTL_FAST_MATH = YES;
				ONLY_ACTIVE_ARCH = YES;
				SWIFT_ACTIVE_COMPILATION_CONDITIONS = DEBUG;
				SWIFT_OPTIMIZATION_LEVEL = "-Onone";
			};
			name = Debug;
		};
		CE968CDE284F4647003D27BD /* Release */ = {
			isa = XCBuildConfiguration;
			buildSettings = {
				ALWAYS_SEARCH_USER_PATHS = NO;
				CLANG_ANALYZER_NONNULL = YES;
				CLANG_ANALYZER_NUMBER_OBJECT_CONVERSION = YES_AGGRESSIVE;
				CLANG_CXX_LANGUAGE_STANDARD = "gnu++17";
				CLANG_ENABLE_MODULES = YES;
				CLANG_ENABLE_OBJC_ARC = YES;
				CLANG_ENABLE_OBJC_WEAK = YES;
				CLANG_WARN_BLOCK_CAPTURE_AUTORELEASING = YES;
				CLANG_WARN_BOOL_CONVERSION = YES;
				CLANG_WARN_COMMA = YES;
				CLANG_WARN_CONSTANT_CONVERSION = YES;
				CLANG_WARN_DEPRECATED_OBJC_IMPLEMENTATIONS = YES;
				CLANG_WARN_DIRECT_OBJC_ISA_USAGE = YES_ERROR;
				CLANG_WARN_DOCUMENTATION_COMMENTS = YES;
				CLANG_WARN_EMPTY_BODY = YES;
				CLANG_WARN_ENUM_CONVERSION = YES;
				CLANG_WARN_INFINITE_RECURSION = YES;
				CLANG_WARN_INT_CONVERSION = YES;
				CLANG_WARN_NON_LITERAL_NULL_CONVERSION = YES;
				CLANG_WARN_OBJC_IMPLICIT_RETAIN_SELF = YES;
				CLANG_WARN_OBJC_LITERAL_CONVERSION = YES;
				CLANG_WARN_OBJC_ROOT_CLASS = YES_ERROR;
				CLANG_WARN_QUOTED_INCLUDE_IN_FRAMEWORK_HEADER = YES;
				CLANG_WARN_RANGE_LOOP_ANALYSIS = YES;
				CLANG_WARN_STRICT_PROTOTYPES = YES;
				CLANG_WARN_SUSPICIOUS_MOVE = YES;
				CLANG_WARN_UNGUARDED_AVAILABILITY = YES_AGGRESSIVE;
				CLANG_WARN_UNREACHABLE_CODE = YES;
				CLANG_WARN__DUPLICATE_METHOD_MATCH = YES;
				COPY_PHASE_STRIP = NO;
				DEBUG_INFORMATION_FORMAT = "dwarf-with-dsym";
				ENABLE_NS_ASSERTIONS = NO;
				ENABLE_STRICT_OBJC_MSGSEND = YES;
				GCC_C_LANGUAGE_STANDARD = gnu11;
				GCC_NO_COMMON_BLOCKS = YES;
				GCC_WARN_64_TO_32_BIT_CONVERSION = YES;
				GCC_WARN_ABOUT_RETURN_TYPE = YES_ERROR;
				GCC_WARN_UNDECLARED_SELECTOR = YES;
				GCC_WARN_UNINITIALIZED_AUTOS = YES_AGGRESSIVE;
				GCC_WARN_UNUSED_FUNCTION = YES;
				GCC_WARN_UNUSED_VARIABLE = YES;
				MTL_ENABLE_DEBUG_INFO = NO;
				MTL_FAST_MATH = YES;
				SWIFT_COMPILATION_MODE = wholemodule;
				SWIFT_OPTIMIZATION_LEVEL = "-O";
			};
			name = Release;
		};
		CE968CE0284F4647003D27BD /* Debug */ = {
			isa = XCBuildConfiguration;
			buildSettings = {
				ASSETCATALOG_COMPILER_APPICON_NAME = AppIcon;
				ASSETCATALOG_COMPILER_GLOBAL_ACCENT_COLOR_NAME = AccentColor;
				CODE_SIGN_STYLE = Automatic;
				CURRENT_PROJECT_VERSION = 1;
				ENABLE_PREVIEWS = YES;
				GENERATE_INFOPLIST_FILE = YES;
				INFOPLIST_KEY_UIApplicationSceneManifest_Generation = YES;
				INFOPLIST_KEY_UIApplicationSupportsIndirectInputEvents = YES;
				INFOPLIST_KEY_UILaunchScreen_Generation = YES;
				INFOPLIST_KEY_UISupportedInterfaceOrientations_iPad = "UIInterfaceOrientationPortrait UIInterfaceOrientationPortraitUpsideDown UIInterfaceOrientationLandscapeLeft UIInterfaceOrientationLandscapeRight";
				INFOPLIST_KEY_UISupportedInterfaceOrientations_iPhone = "UIInterfaceOrientationPortrait UIInterfaceOrientationLandscapeLeft UIInterfaceOrientationLandscapeRight";
				IPHONEOS_DEPLOYMENT_TARGET = 15.5;
				LD_RUNPATH_SEARCH_PATHS = (
					"$(inherited)",
					"@executable_path/Frameworks",
				);
				MARKETING_VERSION = 1.0;
				PRODUCT_BUNDLE_IDENTIFIER = com.naledi.SwiftUIMemo;
				PRODUCT_NAME = SwiftUIMemo;
				SDKROOT = iphoneos;
				SWIFT_EMIT_LOC_STRINGS = YES;
				SWIFT_VERSION = 5.0;
				TARGETED_DEVICE_FAMILY = "1,2";
			};
			name = Debug;
		};
		CE968CE1284F4647003D27BD /* Release */ = {
			isa = XCBuildConfiguration;
			buildSettings = {
				ASSETCATALOG_COMPILER_APPICON_NAME = AppIcon;
				ASSETCATALOG_COMPILER_GLOBAL_ACCENT_COLOR_NAME = AccentColor;
				CODE_SIGN_STYLE = Automatic;
				CURRENT_PROJECT_VERSION = 1;
				ENABLE_PREVIEWS = YES;
				GENERATE_INFOPLIST_FILE = YES;
				INFOPLIST_KEY_UIApplicationSceneManifest_Generation = YES;
				INFOPLIST_KEY_UIApplicationSupportsIndirectInputEvents = YES;
				INFOPLIST_KEY_UILaunchScreen_Generation = YES;
				INFOPLIST_KEY_UISupportedInterfaceOrientations_iPad = "UIInterfaceOrientationPortrait UIInterfaceOrientationPortraitUpsideDown UIInterfaceOrientationLandscapeLeft UIInterfaceOrientationLandscapeRight";
				INFOPLIST_KEY_UISupportedInterfaceOrientations_iPhone = "UIInterfaceOrientationPortrait UIInterfaceOrientationLandscapeLeft UIInterfaceOrientationLandscapeRight";
				IPHONEOS_DEPLOYMENT_TARGET = 15.5;
				LD_RUNPATH_SEARCH_PATHS = (
					"$(inherited)",
					"@executable_path/Frameworks",
				);
				MARKETING_VERSION = 1.0;
				PRODUCT_BUNDLE_IDENTIFIER = com.naledi.SwiftUIMemo;
				PRODUCT_NAME = SwiftUIMemo;
				SDKROOT = iphoneos;
				SWIFT_EMIT_LOC_STRINGS = YES;
				SWIFT_VERSION = 5.0;
				TARGETED_DEVICE_FAMILY = "1,2";
				VALIDATE_PRODUCT = YES;
			};
			name = Release;
		};
		CE968CE3284F4647003D27BD /* Debug */ = {
			isa = XCBuildConfiguration;
			buildSettings = {
				ASSETCATALOG_COMPILER_APPICON_NAME = AppIcon;
				ASSETCATALOG_COMPILER_GLOBAL_ACCENT_COLOR_NAME = AccentColor;
				CODE_SIGN_ENTITLEMENTS = macOS/macOS.entitlements;
				CODE_SIGN_STYLE = Automatic;
				COMBINE_HIDPI_IMAGES = YES;
				CURRENT_PROJECT_VERSION = 1;
				ENABLE_PREVIEWS = YES;
				GENERATE_INFOPLIST_FILE = YES;
				INFOPLIST_KEY_NSHumanReadableCopyright = "";
				LD_RUNPATH_SEARCH_PATHS = (
					"$(inherited)",
					"@executable_path/../Frameworks",
				);
				MACOSX_DEPLOYMENT_TARGET = 12.3;
				MARKETING_VERSION = 1.0;
				PRODUCT_BUNDLE_IDENTIFIER = com.naledi.SwiftUIMemo;
				PRODUCT_NAME = SwiftUIMemo;
				SDKROOT = macosx;
				SWIFT_EMIT_LOC_STRINGS = YES;
				SWIFT_VERSION = 5.0;
			};
			name = Debug;
		};
		CE968CE4284F4647003D27BD /* Release */ = {
			isa = XCBuildConfiguration;
			buildSettings = {
				ASSETCATALOG_COMPILER_APPICON_NAME = AppIcon;
				ASSETCATALOG_COMPILER_GLOBAL_ACCENT_COLOR_NAME = AccentColor;
				CODE_SIGN_ENTITLEMENTS = macOS/macOS.entitlements;
				CODE_SIGN_STYLE = Automatic;
				COMBINE_HIDPI_IMAGES = YES;
				CURRENT_PROJECT_VERSION = 1;
				ENABLE_PREVIEWS = YES;
				GENERATE_INFOPLIST_FILE = YES;
				INFOPLIST_KEY_NSHumanReadableCopyright = "";
				LD_RUNPATH_SEARCH_PATHS = (
					"$(inherited)",
					"@executable_path/../Frameworks",
				);
				MACOSX_DEPLOYMENT_TARGET = 12.3;
				MARKETING_VERSION = 1.0;
				PRODUCT_BUNDLE_IDENTIFIER = com.naledi.SwiftUIMemo;
				PRODUCT_NAME = SwiftUIMemo;
				SDKROOT = macosx;
				SWIFT_EMIT_LOC_STRINGS = YES;
				SWIFT_VERSION = 5.0;
			};
			name = Release;
		};
/* End XCBuildConfiguration section */

/* Begin XCConfigurationList section */
		CE968CBE284F4645003D27BD /* Build configuration list for PBXProject "SwiftUIMemo" */ = {
			isa = XCConfigurationList;
			buildConfigurations = (
				CE968CDD284F4647003D27BD /* Debug */,
				CE968CDE284F4647003D27BD /* Release */,
			);
			defaultConfigurationIsVisible = 0;
			defaultConfigurationName = Release;
		};
		CE968CDF284F4647003D27BD /* Build configuration list for PBXNativeTarget "SwiftUIMemo (iOS)" */ = {
			isa = XCConfigurationList;
			buildConfigurations = (
				CE968CE0284F4647003D27BD /* Debug */,
				CE968CE1284F4647003D27BD /* Release */,
			);
			defaultConfigurationIsVisible = 0;
			defaultConfigurationName = Release;
		};
		CE968CE2284F4647003D27BD /* Build configuration list for PBXNativeTarget "SwiftUIMemo (macOS)" */ = {
			isa = XCConfigurationList;
			buildConfigurations = (
				CE968CE3284F4647003D27BD /* Debug */,
				CE968CE4284F4647003D27BD /* Release */,
			);
			defaultConfigurationIsVisible = 0;
			defaultConfigurationName = Release;
		};
/* End XCConfigurationList section */

/* Begin XCVersionGroup section */
		CE968CC0284F4645003D27BD /* SwiftUIMemo.xcdatamodeld */ = {
			isa = XCVersionGroup;
			children = (
				CE968CC1284F4645003D27BD /* Shared.xcdatamodel */,
			);
			currentVersion = CE968CC1284F4645003D27BD /* Shared.xcdatamodel */;
			path = SwiftUIMemo.xcdatamodeld;
			sourceTree = "<group>";
			versionGroupType = wrapper.xcdatamodel;
		};
/* End XCVersionGroup section */
	};
	rootObject = CE968CBB284F4645003D27BD /* Project object */;
}
